
Microsoft Visual Studio Solution File, Format Version 12.00
# Visual Studio Version 17
VisualStudioVersion = 17.3.32929.385
MinimumVisualStudioVersion = 10.0.40219.1
Project("{FAE04EC0-301F-11D3-BF4B-00C04F79EFBC}") = "TemperatureConverter", "TemperatureConverter\TemperatureConverter.csproj", "{FF03BD3A-FDC7-4C4E-960C-18C5920C0144}"
EndProject
Global
	GlobalSection(SolutionConfigurationPlatforms) = preSolution
		Debug|Any CPU = Debug|Any CPU
		Release|Any CPU = Release|Any CPU
	EndGlobalSection
	GlobalSection(ProjectConfigurationPlatforms) = postSolution
		{FF03BD3A-FDC7-4C4E-960C-18C5920C0144}.Debug|Any CPU.ActiveCfg = Debug|Any CPU
		{FF03BD3A-FDC7-4C4E-960C-18C5920C0144}.Debug|Any CPU.Build.0 = Debug|Any CPU
		{FF03BD3A-FDC7-4C4E-960C-18C5920C0144}.Release|Any CPU.ActiveCfg = Release|Any CPU
		{FF03BD3A-FDC7-4C4E-960C-18C5920C0144}.Release|Any CPU.Build.0 = Release|Any CPU
	EndGlobalSection
	GlobalSection(SolutionProperties) = preSolution
		HideSolutionNode = FALSE
	EndGlobalSection
	GlobalSection(ExtensibilityGlobals) = postSolution
		SolutionGuid = {6EED3A36-06C2-4C84-9325-D33B9E8DD058}
	EndGlobalSection
EndGlobal
